
Microsoft Visual Studio Solution File, Format Version 12.00
# Visual Studio Version 17
VisualStudioVersion = 17.6.33829.357
MinimumVisualStudioVersion = 10.0.40219.1
Project("{FAE04EC0-301F-11D3-BF4B-00C04F79EFBC}") = "SalaryDemoApp1", "SalaryDemoApp1.csproj", "{47248D37-CB06-42C1-B4B4-0D7694CE4DC3}"
EndProject
Global
	GlobalSection(SolutionConfigurationPlatforms) = preSolution
		Debug|Any CPU = Debug|Any CPU
		Release|Any CPU = Release|Any CPU
	EndGlobalSection
	GlobalSection(ProjectConfigurationPlatforms) = postSolution
		{47248D37-CB06-42C1-B4B4-0D7694CE4DC3}.Debug|Any CPU.ActiveCfg = Debug|Any CPU
		{47248D37-CB06-42C1-B4B4-0D7694CE4DC3}.Debug|Any CPU.Build.0 = Debug|Any CPU
		{47248D37-CB06-42C1-B4B4-0D7694CE4DC3}.Release|Any CPU.ActiveCfg = Release|Any CPU
		{47248D37-CB06-42C1-B4B4-0D7694CE4DC3}.Release|Any CPU.Build.0 = Release|Any CPU
	EndGlobalSection
	GlobalSection(SolutionProperties) = preSolution
		HideSolutionNode = FALSE
	EndGlobalSection
	GlobalSection(ExtensibilityGlobals) = postSolution
		SolutionGuid = {0926573C-6015-4D21-B37C-910E941FB811}
	EndGlobalSection
EndGlobal
